
Microsoft Visual Studio Solution File, Format Version 12.00
# Visual Studio 14
VisualStudioVersion = 14.0.23107.0
MinimumVisualStudioVersion = 10.0.40219.1
Project("{FAE04EC0-301F-11D3-BF4B-00C04F79EFBC}") = "WindowsPhoneCellHeightIssue.Droid", "WindowsPhoneCellHeightIssue\WindowsPhoneCellHeightIssue.Droid\WindowsPhoneCellHeightIssue.Droid.csproj", "{82C5A33B-CE7F-4FEE-A3E1-46691B7ABEA1}"
EndProject
Project("{FAE04EC0-301F-11D3-BF4B-00C04F79EFBC}") = "WindowsPhoneCellHeightIssue.iOS", "WindowsPhoneCellHeightIssue\WindowsPhoneCellHeightIssue.iOS\WindowsPhoneCellHeightIssue.iOS.csproj", "{B0E7CF9D-D508-4892-9607-F9E5D601C8BE}"
EndProject
Project("{FAE04EC0-301F-11D3-BF4B-00C04F79EFBC}") = "WindowsPhoneCellHeightIssue.WinPhone", "WindowsPhoneCellHeightIssue\WindowsPhoneCellHeightIssue.WinPhone\WindowsPhoneCellHeightIssue.WinPhone.csproj", "{B9B57226-5C4A-4982-911F-0E03C55EC2C2}"
EndProject
Project("{FAE04EC0-301F-11D3-BF4B-00C04F79EFBC}") = "WindowsPhoneCellHeightIssue", "WindowsPhoneCellHeightIssue\WindowsPhoneCellHeightIssue\WindowsPhoneCellHeightIssue.csproj", "{40FDC997-B1C7-494A-A36B-709C2147A21D}"
EndProject
Global
	GlobalSection(SolutionConfigurationPlatforms) = preSolution
		Ad-Hoc|Any CPU = Ad-Hoc|Any CPU
		Ad-Hoc|ARM = Ad-Hoc|ARM
		Ad-Hoc|iPhone = Ad-Hoc|iPhone
		Ad-Hoc|iPhoneSimulator = Ad-Hoc|iPhoneSimulator
		Ad-Hoc|x86 = Ad-Hoc|x86
		AppStore|Any CPU = AppStore|Any CPU
		AppStore|ARM = AppStore|ARM
		AppStore|iPhone = AppStore|iPhone
		AppStore|iPhoneSimulator = AppStore|iPhoneSimulator
		AppStore|x86 = AppStore|x86
		Debug|Any CPU = Debug|Any CPU
		Debug|ARM = Debug|ARM
		Debug|iPhone = Debug|iPhone
		Debug|iPhoneSimulator = Debug|iPhoneSimulator
		Debug|x86 = Debug|x86
		Release|Any CPU = Release|Any CPU
		Release|ARM = Release|ARM
		Release|iPhone = Release|iPhone
		Release|iPhoneSimulator = Release|iPhoneSimulator
		Release|x86 = Release|x86
	EndGlobalSection
	GlobalSection(ProjectConfigurationPlatforms) = postSolution
		{82C5A33B-CE7F-4FEE-A3E1-46691B7ABEA1}.Ad-Hoc|Any CPU.ActiveCfg = Release|Any CPU
		{82C5A33B-CE7F-4FEE-A3E1-46691B7ABEA1}.Ad-Hoc|Any CPU.Build.0 = Release|Any CPU
		{82C5A33B-CE7F-4FEE-A3E1-46691B7ABEA1}.Ad-Hoc|Any CPU.Deploy.0 = Release|Any CPU
		{82C5A33B-CE7F-4FEE-A3E1-46691B7ABEA1}.Ad-Hoc|ARM.ActiveCfg = Release|Any CPU
		{82C5A33B-CE7F-4FEE-A3E1-46691B7ABEA1}.Ad-Hoc|ARM.Build.0 = Release|Any CPU
		{82C5A33B-CE7F-4FEE-A3E1-46691B7ABEA1}.Ad-Hoc|ARM.Deploy.0 = Release|Any CPU
		{82C5A33B-CE7F-4FEE-A3E1-46691B7ABEA1}.Ad-Hoc|iPhone.ActiveCfg = Release|Any CPU
		{82C5A33B-CE7F-4FEE-A3E1-46691B7ABEA1}.Ad-Hoc|iPhone.Build.0 = Release|Any CPU
		{82C5A33B-CE7F-4FEE-A3E1-46691B7ABEA1}.Ad-Hoc|iPhone.Deploy.0 = Release|Any CPU
		{82C5A33B-CE7F-4FEE-A3E1-46691B7ABEA1}.Ad-Hoc|iPhoneSimulator.ActiveCfg = Release|Any CPU
		{82C5A33B-CE7F-4FEE-A3E1-46691B7ABEA1}.Ad-Hoc|iPhoneSimulator.Build.0 = Release|Any CPU
		{82C5A33B-CE7F-4FEE-A3E1-46691B7ABEA1}.Ad-Hoc|iPhoneSimulator.Deploy.0 = Release|Any CPU
		{82C5A33B-CE7F-4FEE-A3E1-46691B7ABEA1}.Ad-Hoc|x86.ActiveCfg = Release|Any CPU
		{82C5A33B-CE7F-4FEE-A3E1-46691B7ABEA1}.Ad-Hoc|x86.Build.0 = Release|Any CPU
		{82C5A33B-CE7F-4FEE-A3E1-46691B7ABEA1}.Ad-Hoc|x86.Deploy.0 = Release|Any CPU
		{82C5A33B-CE7F-4FEE-A3E1-46691B7ABEA1}.AppStore|Any CPU.ActiveCfg = Release|Any CPU
		{82C5A33B-CE7F-4FEE-A3E1-46691B7ABEA1}.AppStore|Any CPU.Build.0 = Release|Any CPU
		{82C5A33B-CE7F-4FEE-A3E1-46691B7ABEA1}.AppStore|Any CPU.Deploy.0 = Release|Any CPU
		{82C5A33B-CE7F-4FEE-A3E1-46691B7ABEA1}.AppStore|ARM.ActiveCfg = Release|Any CPU
		{82C5A33B-CE7F-4FEE-A3E1-46691B7ABEA1}.AppStore|ARM.Build.0 = Release|Any CPU
		{82C5A33B-CE7F-4FEE-A3E1-46691B7ABEA1}.AppStore|ARM.Deploy.0 = Release|Any CPU
		{82C5A33B-CE7F-4FEE-A3E1-46691B7ABEA1}.AppStore|iPhone.ActiveCfg = Release|Any CPU
		{82C5A33B-CE7F-4FEE-A3E1-46691B7ABEA1}.AppStore|iPhone.Build.0 = Release|Any CPU
		{82C5A33B-CE7F-4FEE-A3E1-46691B7ABEA1}.AppStore|iPhone.Deploy.0 = Release|Any CPU
		{82C5A33B-CE7F-4FEE-A3E1-46691B7ABEA1}.AppStore|iPhoneSimulator.ActiveCfg = Release|Any CPU
		{82C5A33B-CE7F-4FEE-A3E1-46691B7ABEA1}.AppStore|iPhoneSimulator.Build.0 = Release|Any CPU
		{82C5A33B-CE7F-4FEE-A3E1-46691B7ABEA1}.AppStore|iPhoneSimulator.Deploy.0 = Release|Any CPU
		{82C5A33B-CE7F-4FEE-A3E1-46691B7ABEA1}.AppStore|x86.ActiveCfg = Release|Any CPU
		{82C5A33B-CE7F-4FEE-A3E1-46691B7ABEA1}.AppStore|x86.Build.0 = Release|Any CPU
		{82C5A33B-CE7F-4FEE-A3E1-46691B7ABEA1}.AppStore|x86.Deploy.0 = Release|Any CPU
		{82C5A33B-CE7F-4FEE-A3E1-46691B7ABEA1}.Debug|Any CPU.ActiveCfg = Debug|Any CPU
		{82C5A33B-CE7F-4FEE-A3E1-46691B7ABEA1}.Debug|Any CPU.Build.0 = Debug|Any CPU
		{82C5A33B-CE7F-4FEE-A3E1-46691B7ABEA1}.Debug|Any CPU.Deploy.0 = Debug|Any CPU
		{82C5A33B-CE7F-4FEE-A3E1-46691B7ABEA1}.Debug|ARM.ActiveCfg = Debug|Any CPU
		{82C5A33B-CE7F-4FEE-A3E1-46691B7ABEA1}.Debug|ARM.Build.0 = Debug|Any CPU
		{82C5A33B-CE7F-4FEE-A3E1-46691B7ABEA1}.Debug|ARM.Deploy.0 = Debug|Any CPU
		{82C5A33B-CE7F-4FEE-A3E1-46691B7ABEA1}.Debug|iPhone.ActiveCfg = Debug|Any CPU
		{82C5A33B-CE7F-4FEE-A3E1-46691B7ABEA1}.Debug|iPhone.Build.0 = Debug|Any CPU
		{82C5A33B-CE7F-4FEE-A3E1-46691B7ABEA1}.Debug|iPhone.Deploy.0 = Debug|Any CPU
		{82C5A33B-CE7F-4FEE-A3E1-46691B7ABEA1}.Debug|iPhoneSimulator.ActiveCfg = Debug|Any CPU
		{82C5A33B-CE7F-4FEE-A3E1-46691B7ABEA1}.Debug|iPhoneSimulator.Build.0 = Debug|Any CPU
		{82C5A33B-CE7F-4FEE-A3E1-46691B7ABEA1}.Debug|iPhoneSimulator.Deploy.0 = Debug|Any CPU
		{82C5A33B-CE7F-4FEE-A3E1-46691B7ABEA1}.Debug|x86.ActiveCfg = Debug|Any CPU
		{82C5A33B-CE7F-4FEE-A3E1-46691B7ABEA1}.Debug|x86.Build.0 = Debug|Any CPU
		{82C5A33B-CE7F-4FEE-A3E1-46691B7ABEA1}.Debug|x86.Deploy.0 = Debug|Any CPU
		{82C5A33B-CE7F-4FEE-A3E1-46691B7ABEA1}.Release|Any CPU.ActiveCfg = Release|Any CPU
		{82C5A33B-CE7F-4FEE-A3E1-46691B7ABEA1}.Release|Any CPU.Build.0 = Release|Any CPU
		{82C5A33B-CE7F-4FEE-A3E1-46691B7ABEA1}.Release|Any CPU.Deploy.0 = Release|Any CPU
		{82C5A33B-CE7F-4FEE-A3E1-46691B7ABEA1}.Release|ARM.ActiveCfg = Release|Any CPU
		{82C5A33B-CE7F-4FEE-A3E1-46691B7ABEA1}.Release|ARM.Build.0 = Release|Any CPU
		{82C5A33B-CE7F-4FEE-A3E1-46691B7ABEA1}.Release|ARM.Deploy.0 = Release|Any CPU
		{82C5A33B-CE7F-4FEE-A3E1-46691B7ABEA1}.Release|iPhone.ActiveCfg = Release|Any CPU
		{82C5A33B-CE7F-4FEE-A3E1-46691B7ABEA1}.Release|iPhone.Build.0 = Release|Any CPU
		{82C5A33B-CE7F-4FEE-A3E1-46691B7ABEA1}.Release|iPhone.Deploy.0 = Release|Any CPU
		{82C5A33B-CE7F-4FEE-A3E1-46691B7ABEA1}.Release|iPhoneSimulator.ActiveCfg = Release|Any CPU
		{82C5A33B-CE7F-4FEE-A3E1-46691B7ABEA1}.Release|iPhoneSimulator.Build.0 = Release|Any CPU
		{82C5A33B-CE7F-4FEE-A3E1-46691B7ABEA1}.Release|iPhoneSimulator.Deploy.0 = Release|Any CPU
		{82C5A33B-CE7F-4FEE-A3E1-46691B7ABEA1}.Release|x86.ActiveCfg = Release|Any CPU
		{82C5A33B-CE7F-4FEE-A3E1-46691B7ABEA1}.Release|x86.Build.0 = Release|Any CPU
		{82C5A33B-CE7F-4FEE-A3E1-46691B7ABEA1}.Release|x86.Deploy.0 = Release|Any CPU
		{B0E7CF9D-D508-4892-9607-F9E5D601C8BE}.Ad-Hoc|Any CPU.ActiveCfg = Ad-Hoc|iPhone
		{B0E7CF9D-D508-4892-9607-F9E5D601C8BE}.Ad-Hoc|ARM.ActiveCfg = Ad-Hoc|iPhone
		{B0E7CF9D-D508-4892-9607-F9E5D601C8BE}.Ad-Hoc|iPhone.ActiveCfg = Ad-Hoc|iPhone
		{B0E7CF9D-D508-4892-9607-F9E5D601C8BE}.Ad-Hoc|iPhone.Build.0 = Ad-Hoc|iPhone
		{B0E7CF9D-D508-4892-9607-F9E5D601C8BE}.Ad-Hoc|iPhoneSimulator.ActiveCfg = Ad-Hoc|iPhoneSimulator
		{B0E7CF9D-D508-4892-9607-F9E5D601C8BE}.Ad-Hoc|iPhoneSimulator.Build.0 = Ad-Hoc|iPhoneSimulator
		{B0E7CF9D-D508-4892-9607-F9E5D601C8BE}.Ad-Hoc|x86.ActiveCfg = Ad-Hoc|iPhone
		{B0E7CF9D-D508-4892-9607-F9E5D601C8BE}.AppStore|Any CPU.ActiveCfg = AppStore|iPhone
		{B0E7CF9D-D508-4892-9607-F9E5D601C8BE}.AppStore|ARM.ActiveCfg = AppStore|iPhone
		{B0E7CF9D-D508-4892-9607-F9E5D601C8BE}.AppStore|iPhone.ActiveCfg = AppStore|iPhone
		{B0E7CF9D-D508-4892-9607-F9E5D601C8BE}.AppStore|iPhone.Build.0 = AppStore|iPhone
		{B0E7CF9D-D508-4892-9607-F9E5D601C8BE}.AppStore|iPhoneSimulator.ActiveCfg = AppStore|iPhoneSimulator
		{B0E7CF9D-D508-4892-9607-F9E5D601C8BE}.AppStore|iPhoneSimulator.Build.0 = AppStore|iPhoneSimulator
		{B0E7CF9D-D508-4892-9607-F9E5D601C8BE}.AppStore|x86.ActiveCfg = AppStore|iPhone
		{B0E7CF9D-D508-4892-9607-F9E5D601C8BE}.Debug|Any CPU.ActiveCfg = Debug|iPhone
		{B0E7CF9D-D508-4892-9607-F9E5D601C8BE}.Debug|ARM.ActiveCfg = Debug|iPhone
		{B0E7CF9D-D508-4892-9607-F9E5D601C8BE}.Debug|iPhone.ActiveCfg = Debug|iPhone
		{B0E7CF9D-D508-4892-9607-F9E5D601C8BE}.Debug|iPhone.Build.0 = Debug|iPhone
		{B0E7CF9D-D508-4892-9607-F9E5D601C8BE}.Debug|iPhoneSimulator.ActiveCfg = Debug|iPhoneSimulator
		{B0E7CF9D-D508-4892-9607-F9E5D601C8BE}.Debug|iPhoneSimulator.Build.0 = Debug|iPhoneSimulator
		{B0E7CF9D-D508-4892-9607-F9E5D601C8BE}.Debug|x86.ActiveCfg = Debug|iPhone
		{B0E7CF9D-D508-4892-9607-F9E5D601C8BE}.Release|Any CPU.ActiveCfg = Release|iPhone
		{B0E7CF9D-D508-4892-9607-F9E5D601C8BE}.Release|ARM.ActiveCfg = Release|iPhone
		{B0E7CF9D-D508-4892-9607-F9E5D601C8BE}.Release|iPhone.ActiveCfg = Release|iPhone
		{B0E7CF9D-D508-4892-9607-F9E5D601C8BE}.Release|iPhone.Build.0 = Release|iPhone
		{B0E7CF9D-D508-4892-9607-F9E5D601C8BE}.Release|iPhoneSimulator.ActiveCfg = Release|iPhoneSimulator
		{B0E7CF9D-D508-4892-9607-F9E5D601C8BE}.Release|iPhoneSimulator.Build.0 = Release|iPhoneSimulator
		{B0E7CF9D-D508-4892-9607-F9E5D601C8BE}.Release|x86.ActiveCfg = Release|iPhone
		{B9B57226-5C4A-4982-911F-0E03C55EC2C2}.Ad-Hoc|Any CPU.ActiveCfg = Release|Any CPU
		{B9B57226-5C4A-4982-911F-0E03C55EC2C2}.Ad-Hoc|Any CPU.Build.0 = Release|Any CPU
		{B9B57226-5C4A-4982-911F-0E03C55EC2C2}.Ad-Hoc|Any CPU.Deploy.0 = Release|Any CPU
		{B9B57226-5C4A-4982-911F-0E03C55EC2C2}.Ad-Hoc|ARM.ActiveCfg = Release|ARM
		{B9B57226-5C4A-4982-911F-0E03C55EC2C2}.Ad-Hoc|ARM.Build.0 = Release|ARM
		{B9B57226-5C4A-4982-911F-0E03C55EC2C2}.Ad-Hoc|ARM.Deploy.0 = Release|ARM
		{B9B57226-5C4A-4982-911F-0E03C55EC2C2}.Ad-Hoc|iPhone.ActiveCfg = Release|Any CPU
		{B9B57226-5C4A-4982-911F-0E03C55EC2C2}.Ad-Hoc|iPhone.Build.0 = Release|Any CPU
		{B9B57226-5C4A-4982-911F-0E03C55EC2C2}.Ad-Hoc|iPhone.Deploy.0 = Release|Any CPU
		{B9B57226-5C4A-4982-911F-0E03C55EC2C2}.Ad-Hoc|iPhoneSimulator.ActiveCfg = Release|Any CPU
		{B9B57226-5C4A-4982-911F-0E03C55EC2C2}.Ad-Hoc|iPhoneSimulator.Build.0 = Release|Any CPU
		{B9B57226-5C4A-4982-911F-0E03C55EC2C2}.Ad-Hoc|iPhoneSimulator.Deploy.0 = Release|Any CPU
		{B9B57226-5C4A-4982-911F-0E03C55EC2C2}.Ad-Hoc|x86.ActiveCfg = Release|x86
		{B9B57226-5C4A-4982-911F-0E03C55EC2C2}.Ad-Hoc|x86.Build.0 = Release|x86
		{B9B57226-5C4A-4982-911F-0E03C55EC2C2}.Ad-Hoc|x86.Deploy.0 = Release|x86
		{B9B57226-5C4A-4982-911F-0E03C55EC2C2}.AppStore|Any CPU.ActiveCfg = Release|Any CPU
		{B9B57226-5C4A-4982-911F-0E03C55EC2C2}.AppStore|Any CPU.Build.0 = Release|Any CPU
		{B9B57226-5C4A-4982-911F-0E03C55EC2C2}.AppStore|Any CPU.Deploy.0 = Release|Any CPU
		{B9B57226-5C4A-4982-911F-0E03C55EC2C2}.AppStore|ARM.ActiveCfg = Release|ARM
		{B9B57226-5C4A-4982-911F-0E03C55EC2C2}.AppStore|ARM.Build.0 = Release|ARM
		{B9B57226-5C4A-4982-911F-0E03C55EC2C2}.AppStore|ARM.Deploy.0 = Release|ARM
		{B9B57226-5C4A-4982-911F-0E03C55EC2C2}.AppStore|iPhone.ActiveCfg = Release|Any CPU
		{B9B57226-5C4A-4982-911F-0E03C55EC2C2}.AppStore|iPhone.Build.0 = Release|Any CPU
		{B9B57226-5C4A-4982-911F-0E03C55EC2C2}.AppStore|iPhone.Deploy.0 = Release|Any CPU
		{B9B57226-5C4A-4982-911F-0E03C55EC2C2}.AppStore|iPhoneSimulator.ActiveCfg = Release|Any CPU
		{B9B57226-5C4A-4982-911F-0E03C55EC2C2}.AppStore|iPhoneSimulator.Build.0 = Release|Any CPU
		{B9B57226-5C4A-4982-911F-0E03C55EC2C2}.AppStore|iPhoneSimulator.Deploy.0 = Release|Any CPU
		{B9B57226-5C4A-4982-911F-0E03C55EC2C2}.AppStore|x86.ActiveCfg = Release|x86
		{B9B57226-5C4A-4982-911F-0E03C55EC2C2}.AppStore|x86.Build.0 = Release|x86
		{B9B57226-5C4A-4982-911F-0E03C55EC2C2}.AppStore|x86.Deploy.0 = Release|x86
		{B9B57226-5C4A-4982-911F-0E03C55EC2C2}.Debug|Any CPU.ActiveCfg = Debug|Any CPU
		{B9B57226-5C4A-4982-911F-0E03C55EC2C2}.Debug|Any CPU.Build.0 = Debug|Any CPU
		{B9B57226-5C4A-4982-911F-0E03C55EC2C2}.Debug|Any CPU.Deploy.0 = Debug|Any CPU
		{B9B57226-5C4A-4982-911F-0E03C55EC2C2}.Debug|ARM.ActiveCfg = Debug|ARM
		{B9B57226-5C4A-4982-911F-0E03C55EC2C2}.Debug|ARM.Build.0 = Debug|ARM
		{B9B57226-5C4A-4982-911F-0E03C55EC2C2}.Debug|ARM.Deploy.0 = Debug|ARM
		{B9B57226-5C4A-4982-911F-0E03C55EC2C2}.Debug|iPhone.ActiveCfg = Debug|Any CPU
		{B9B57226-5C4A-4982-911F-0E03C55EC2C2}.Debug|iPhone.Build.0 = Debug|Any CPU
		{B9B57226-5C4A-4982-911F-0E03C55EC2C2}.Debug|iPhone.Deploy.0 = Debug|Any CPU
		{B9B57226-5C4A-4982-911F-0E03C55EC2C2}.Debug|iPhoneSimulator.ActiveCfg = Debug|Any CPU
		{B9B57226-5C4A-4982-911F-0E03C55EC2C2}.Debug|iPhoneSimulator.Build.0 = Debug|Any CPU
		{B9B57226-5C4A-4982-911F-0E03C55EC2C2}.Debug|iPhoneSimulator.Deploy.0 = Debug|Any CPU
		{B9B57226-5C4A-4982-911F-0E03C55EC2C2}.Debug|x86.ActiveCfg = Debug|x86
		{B9B57226-5C4A-4982-911F-0E03C55EC2C2}.Debug|x86.Build.0 = Debug|x86
		{B9B57226-5C4A-4982-911F-0E03C55EC2C2}.Debug|x86.Deploy.0 = Debug|x86
		{B9B57226-5C4A-4982-911F-0E03C55EC2C2}.Release|Any CPU.ActiveCfg = Release|Any CPU
		{B9B57226-5C4A-4982-911F-0E03C55EC2C2}.Release|Any CPU.Build.0 = Release|Any CPU
		{B9B57226-5C4A-4982-911F-0E03C55EC2C2}.Release|Any CPU.Deploy.0 = Release|Any CPU
		{B9B57226-5C4A-4982-911F-0E03C55EC2C2}.Release|ARM.ActiveCfg = Release|ARM
		{B9B57226-5C4A-4982-911F-0E03C55EC2C2}.Release|ARM.Build.0 = Release|ARM
		{B9B57226-5C4A-4982-911F-0E03C55EC2C2}.Release|ARM.Deploy.0 = Release|ARM
		{B9B57226-5C4A-4982-911F-0E03C55EC2C2}.Release|iPhone.ActiveCfg = Release|Any CPU
		{B9B57226-5C4A-4982-911F-0E03C55EC2C2}.Release|iPhone.Build.0 = Release|Any CPU
		{B9B57226-5C4A-4982-911F-0E03C55EC2C2}.Release|iPhone.Deploy.0 = Release|Any CPU
		{B9B57226-5C4A-4982-911F-0E03C55EC2C2}.Release|iPhoneSimulator.ActiveCfg = Release|Any CPU
		{B9B57226-5C4A-4982-911F-0E03C55EC2C2}.Release|iPhoneSimulator.Build.0 = Release|Any CPU
		{B9B57226-5C4A-4982-911F-0E03C55EC2C2}.Release|iPhoneSimulator.Deploy.0 = Release|Any CPU
		{B9B57226-5C4A-4982-911F-0E03C55EC2C2}.Release|x86.ActiveCfg = Release|x86
		{B9B57226-5C4A-4982-911F-0E03C55EC2C2}.Release|x86.Build.0 = Release|x86
		{B9B57226-5C4A-4982-911F-0E03C55EC2C2}.Release|x86.Deploy.0 = Release|x86
		{40FDC997-B1C7-494A-A36B-709C2147A21D}.Ad-Hoc|Any CPU.ActiveCfg = Release|Any CPU
		{40FDC997-B1C7-494A-A36B-709C2147A21D}.Ad-Hoc|Any CPU.Build.0 = Release|Any CPU
		{40FDC997-B1C7-494A-A36B-709C2147A21D}.Ad-Hoc|ARM.ActiveCfg = Release|Any CPU
		{40FDC997-B1C7-494A-A36B-709C2147A21D}.Ad-Hoc|ARM.Build.0 = Release|Any CPU
		{40FDC997-B1C7-494A-A36B-709C2147A21D}.Ad-Hoc|iPhone.ActiveCfg = Release|Any CPU
		{40FDC997-B1C7-494A-A36B-709C2147A21D}.Ad-Hoc|iPhone.Build.0 = Release|Any CPU
		{40FDC997-B1C7-494A-A36B-709C2147A21D}.Ad-Hoc|iPhoneSimulator.ActiveCfg = Release|Any CPU
		{40FDC997-B1C7-494A-A36B-709C2147A21D}.Ad-Hoc|iPhoneSimulator.Build.0 = Release|Any CPU
		{40FDC997-B1C7-494A-A36B-709C2147A21D}.Ad-Hoc|x86.ActiveCfg = Release|Any CPU
		{40FDC997-B1C7-494A-A36B-709C2147A21D}.Ad-Hoc|x86.Build.0 = Release|Any CPU
		{40FDC997-B1C7-494A-A36B-709C2147A21D}.AppStore|Any CPU.ActiveCfg = Release|Any CPU
		{40FDC997-B1C7-494A-A36B-709C2147A21D}.AppStore|Any CPU.Build.0 = Release|Any CPU
		{40FDC997-B1C7-494A-A36B-709C2147A21D}.AppStore|ARM.ActiveCfg = Release|Any CPU
		{40FDC997-B1C7-494A-A36B-709C2147A21D}.AppStore|ARM.Build.0 = Release|Any CPU
		{40FDC997-B1C7-494A-A36B-709C2147A21D}.AppStore|iPhone.ActiveCfg = Release|Any CPU
		{40FDC997-B1C7-494A-A36B-709C2147A21D}.AppStore|iPhone.Build.0 = Release|Any CPU
		{40FDC997-B1C7-494A-A36B-709C2147A21D}.AppStore|iPhoneSimulator.ActiveCfg = Release|Any CPU
		{40FDC997-B1C7-494A-A36B-709C2147A21D}.AppStore|iPhoneSimulator.Build.0 = Release|Any CPU
		{40FDC997-B1C7-494A-A36B-709C2147A21D}.AppStore|x86.ActiveCfg = Release|Any CPU
		{40FDC997-B1C7-494A-A36B-709C2147A21D}.AppStore|x86.Build.0 = Release|Any CPU
		{40FDC997-B1C7-494A-A36B-709C2147A21D}.Debug|Any CPU.ActiveCfg = Debug|Any CPU
		{40FDC997-B1C7-494A-A36B-709C2147A21D}.Debug|Any CPU.Build.0 = Debug|Any CPU
		{40FDC997-B1C7-494A-A36B-709C2147A21D}.Debug|ARM.ActiveCfg = Debug|Any CPU
		{40FDC997-B1C7-494A-A36B-709C2147A21D}.Debug|ARM.Build.0 = Debug|Any CPU
		{40FDC997-B1C7-494A-A36B-709C2147A21D}.Debug|iPhone.ActiveCfg = Debug|Any CPU
		{40FDC997-B1C7-494A-A36B-709C2147A21D}.Debug|iPhone.Build.0 = Debug|Any CPU
		{40FDC997-B1C7-494A-A36B-709C2147A21D}.Debug|iPhoneSimulator.ActiveCfg = Debug|Any CPU
		{40FDC997-B1C7-494A-A36B-709C2147A21D}.Debug|iPhoneSimulator.Build.0 = Debug|Any CPU
		{40FDC997-B1C7-494A-A36B-709C2147A21D}.Debug|x86.ActiveCfg = Debug|Any CPU
		{40FDC997-B1C7-494A-A36B-709C2147A21D}.Debug|x86.Build.0 = Debug|Any CPU
		{40FDC997-B1C7-494A-A36B-709C2147A21D}.Release|Any CPU.ActiveCfg = Release|Any CPU
		{40FDC997-B1C7-494A-A36B-709C2147A21D}.Release|Any CPU.Build.0 = Release|Any CPU
		{40FDC997-B1C7-494A-A36B-709C2147A21D}.Release|ARM.ActiveCfg = Release|Any CPU
		{40FDC997-B1C7-494A-A36B-709C2147A21D}.Release|ARM.Build.0 = Release|Any CPU
		{40FDC997-B1C7-494A-A36B-709C2147A21D}.Release|iPhone.ActiveCfg = Release|Any CPU
		{40FDC997-B1C7-494A-A36B-709C2147A21D}.Release|iPhone.Build.0 = Release|Any CPU
		{40FDC997-B1C7-494A-A36B-709C2147A21D}.Release|iPhoneSimulator.ActiveCfg = Release|Any CPU
		{40FDC997-B1C7-494A-A36B-709C2147A21D}.Release|iPhoneSimulator.Build.0 = Release|Any CPU
		{40FDC997-B1C7-494A-A36B-709C2147A21D}.Release|x86.ActiveCfg = Release|Any CPU
		{40FDC997-B1C7-494A-A36B-709C2147A21D}.Release|x86.Build.0 = Release|Any CPU
	EndGlobalSection
	GlobalSection(SolutionProperties) = preSolution
		HideSolutionNode = FALSE
	EndGlobalSection
EndGlobal
